
Microsoft Visual Studio Solution File, Format Version 12.00
# Visual Studio 15
VisualStudioVersion = 15.0.28307.1169
MinimumVisualStudioVersion = 10.0.40219.1
Project("{9A19103F-16F7-4668-BE54-9A1E7A4F7556}") = "NorthWindApiDemo", "NorthWindApiDemo\NorthWindApiDemo.csproj", "{594546A1-37CE-4814-91BB-C9FFE6B6071A}"
EndProject
Global
	GlobalSection(SolutionConfigurationPlatforms) = preSolution
		Debug|Any CPU = Debug|Any CPU
		Release|Any CPU = Release|Any CPU
	EndGlobalSection
	GlobalSection(ProjectConfigurationPlatforms) = postSolution
		{594546A1-37CE-4814-91BB-C9FFE6B6071A}.Debug|Any CPU.ActiveCfg = Debug|Any CPU
		{594546A1-37CE-4814-91BB-C9FFE6B6071A}.Debug|Any CPU.Build.0 = Debug|Any CPU
		{594546A1-37CE-4814-91BB-C9FFE6B6071A}.Release|Any CPU.ActiveCfg = Release|Any CPU
		{594546A1-37CE-4814-91BB-C9FFE6B6071A}.Release|Any CPU.Build.0 = Release|Any CPU
	EndGlobalSection
	GlobalSection(SolutionProperties) = preSolution
		HideSolutionNode = FALSE
	EndGlobalSection
	GlobalSection(ExtensibilityGlobals) = postSolution
		SolutionGuid = {0EBA82FE-9594-404A-81B5-645285342F17}
	EndGlobalSection
EndGlobal
